Microsoft Visual Studio Solution File, Format Version 12.00
# Visual Studio Version 17
VisualStudioVersion = 17.5.2.0
MinimumVisualStudioVersion = 10.0.40219.1
Project("{FAE04EC0-301F-11D3-BF4B-00C04F79EFBC}") = "CVGenerator-BuilderPattern", "CVGenerator-BuilderPattern.csproj", "{0305F275-32F5-49D9-8D55-69126AD92688}"
EndProject
Global
	GlobalSection(SolutionConfigurationPlatforms) = preSolution
		Debug|Any CPU = Debug|Any CPU
		Release|Any CPU = Release|Any CPU
	EndGlobalSection
	GlobalSection(ProjectConfigurationPlatforms) = postSolution
		{0305F275-32F5-49D9-8D55-69126AD92688}.Debug|Any CPU.ActiveCfg = Debug|Any CPU
		{0305F275-32F5-49D9-8D55-69126AD92688}.Debug|Any CPU.Build.0 = Debug|Any CPU
		{0305F275-32F5-49D9-8D55-69126AD92688}.Release|Any CPU.ActiveCfg = Release|Any CPU
		{0305F275-32F5-49D9-8D55-69126AD92688}.Release|Any CPU.Build.0 = Release|Any CPU
	EndGlobalSection
	GlobalSection(SolutionProperties) = preSolution
		HideSolutionNode = FALSE
	EndGlobalSection
	GlobalSection(ExtensibilityGlobals) = postSolution
		SolutionGuid = {8E10C923-F913-4529-8B99-604A839CC949}
	EndGlobalSection
EndGlobal
